// !$*UTF8*$!
{
	archiveVersion = 1;
	classes = {
	};
	objectVersion = 56;
	objects = {

/* Begin PBXBuildFile section */
		6F83D6622C4632DC00BD922A /* JBTLoginTitleLabel.swift in Sources */ = {isa = PBXBuildFile; fileRef = 6F83D6612C4632DC00BD922A /* JBTLoginTitleLabel.swift */; };
		6F83D6642C4632FE00BD922A /* JBTLoginViewController.swift in Sources */ = {isa = PBXBuildFile; fileRef = 6F83D6632C4632FE00BD922A /* JBTLoginViewController.swift */; };
		D150543E2C461904000E58A0 /* AppDelegate.swift in Sources */ = {isa = PBXBuildFile; fileRef = D150543D2C461904000E58A0 /* AppDelegate.swift */; };
		D15054402C461904000E58A0 /* SceneDelegate.swift in Sources */ = {isa = PBXBuildFile; fileRef = D150543F2C461904000E58A0 /* SceneDelegate.swift */; };
		D15054422C461904000E58A0 /* ViewController.swift in Sources */ = {isa = PBXBuildFile; fileRef = D15054412C461904000E58A0 /* ViewController.swift */; };
		D15054472C461906000E58A0 /* Assets.xcassets in Resources */ = {isa = PBXBuildFile; fileRef = D15054462C461906000E58A0 /* Assets.xcassets */; };
		D150544A2C461906000E58A0 /* LaunchScreen.storyboard in Resources */ = {isa = PBXBuildFile; fileRef = D15054482C461906000E58A0 /* LaunchScreen.storyboard */; };
		D15054642C461EAF000E58A0 /* Header.swift in Sources */ = {isa = PBXBuildFile; fileRef = D15054632C461EAF000E58A0 /* Header.swift */; };
		D15054682C463048000E58A0 /* SnapKit in Frameworks */ = {isa = PBXBuildFile; productRef = D15054672C463048000E58A0 /* SnapKit */; };
		D150546B2C463053000E58A0 /* Then in Frameworks */ = {isa = PBXBuildFile; productRef = D150546A2C463053000E58A0 /* Then */; };
		D150546E2C463059000E58A0 /* SwiftKeychainWrapper in Frameworks */ = {isa = PBXBuildFile; productRef = D150546D2C463059000E58A0 /* SwiftKeychainWrapper */; };
		D150547C2C463862000E58A0 /* Pretendard-Thin.otf in Resources */ = {isa = PBXBuildFile; fileRef = D15054732C463861000E58A0 /* Pretendard-Thin.otf */; };
		D150547D2C463862000E58A0 /* Pretendard-Bold.otf in Resources */ = {isa = PBXBuildFile; fileRef = D15054742C463861000E58A0 /* Pretendard-Bold.otf */; };
		D150547E2C463862000E58A0 /* Pretendard-ExtraBold.otf in Resources */ = {isa = PBXBuildFile; fileRef = D15054752C463861000E58A0 /* Pretendard-ExtraBold.otf */; };
		D150547F2C463862000E58A0 /* Pretendard-Light.otf in Resources */ = {isa = PBXBuildFile; fileRef = D15054762C463861000E58A0 /* Pretendard-Light.otf */; };
		D15054802C463862000E58A0 /* Pretendard-Black.otf in Resources */ = {isa = PBXBuildFile; fileRef = D15054772C463861000E58A0 /* Pretendard-Black.otf */; };
		D15054812C463862000E58A0 /* Pretendard-ExtraLight.otf in Resources */ = {isa = PBXBuildFile; fileRef = D15054782C463861000E58A0 /* Pretendard-ExtraLight.otf */; };
		D15054822C463862000E58A0 /* Pretendard-Regular.otf in Resources */ = {isa = PBXBuildFile; fileRef = D15054792C463861000E58A0 /* Pretendard-Regular.otf */; };
		D15054832C463862000E58A0 /* Pretendard-Medium.otf in Resources */ = {isa = PBXBuildFile; fileRef = D150547A2C463861000E58A0 /* Pretendard-Medium.otf */; };
		D15054842C463862000E58A0 /* Pretendard-SemiBold.otf in Resources */ = {isa = PBXBuildFile; fileRef = D150547B2C463861000E58A0 /* Pretendard-SemiBold.otf */; };
		D15054862C463A5B000E58A0 /* Resources.swift in Sources */ = {isa = PBXBuildFile; fileRef = D15054852C463A5B000E58A0 /* Resources.swift */; };
/* End PBXBuildFile section */

/* Begin PBXFileReference section */
		6F83D6612C4632DC00BD922A /* JBTLoginTitleLabel.swift */ = {isa = PBXFileReference; lastKnownFileType = sourcecode.swift; path = JBTLoginTitleLabel.swift; sourceTree = "<group>"; };
		6F83D6632C4632FE00BD922A /* JBTLoginViewController.swift */ = {isa = PBXFileReference; lastKnownFileType = sourcecode.swift; name = JBTLoginViewController.swift; path = JBT_DSM_iOS/Sources/Core/JBTLoginViewController.swift; sourceTree = SOURCE_ROOT; };
		D150543A2C461904000E58A0 /* JBT_DSM_iOS.app */ = {isa = PBXFileReference; explicitFileType = wrapper.application; includeInIndex = 0; path = JBT_DSM_iOS.app; sourceTree = BUILT_PRODUCTS_DIR; };
		D150543D2C461904000E58A0 /* AppDelegate.swift */ = {isa = PBXFileReference; lastKnownFileType = sourcecode.swift; path = AppDelegate.swift; sourceTree = "<group>"; };
		D150543F2C461904000E58A0 /* SceneDelegate.swift */ = {isa = PBXFileReference; lastKnownFileType = sourcecode.swift; path = SceneDelegate.swift; sourceTree = "<group>"; };
		D15054412C461904000E58A0 /* ViewController.swift */ = {isa = PBXFileReference; lastKnownFileType = sourcecode.swift; path = ViewController.swift; sourceTree = "<group>"; };
		D15054462C461906000E58A0 /* Assets.xcassets */ = {isa = PBXFileReference; lastKnownFileType = folder.assetcatalog; path = Assets.xcassets; sourceTree = "<group>"; };
		D15054492C461906000E58A0 /* Base */ = {isa = PBXFileReference; lastKnownFileType = file.storyboard; name = Base; path = Base.lproj/LaunchScreen.storyboard; sourceTree = "<group>"; };
		D150544B2C461906000E58A0 /* Info.plist */ = {isa = PBXFileReference; lastKnownFileType = text.plist.xml; path = Info.plist; sourceTree = "<group>"; };
		D15054632C461EAF000E58A0 /* Header.swift */ = {isa = PBXFileReference; lastKnownFileType = sourcecode.swift; path = Header.swift; sourceTree = "<group>"; };
		D15054732C463861000E58A0 /* Pretendard-Thin.otf */ = {isa = PBXFileReference; lastKnownFileType = file; path = "Pretendard-Thin.otf"; sourceTree = "<group>"; };
		D15054742C463861000E58A0 /* Pretendard-Bold.otf */ = {isa = PBXFileReference; lastKnownFileType = file; path = "Pretendard-Bold.otf"; sourceTree = "<group>"; };
		D15054752C463861000E58A0 /* Pretendard-ExtraBold.otf */ = {isa = PBXFileReference; lastKnownFileType = file; path = "Pretendard-ExtraBold.otf"; sourceTree = "<group>"; };
		D15054762C463861000E58A0 /* Pretendard-Light.otf */ = {isa = PBXFileReference; lastKnownFileType = file; path = "Pretendard-Light.otf"; sourceTree = "<group>"; };
		D15054772C463861000E58A0 /* Pretendard-Black.otf */ = {isa = PBXFileReference; lastKnownFileType = file; path = "Pretendard-Black.otf"; sourceTree = "<group>"; };
		D15054782C463861000E58A0 /* Pretendard-ExtraLight.otf */ = {isa = PBXFileReference; lastKnownFileType = file; path = "Pretendard-ExtraLight.otf"; sourceTree = "<group>"; };
		D15054792C463861000E58A0 /* Pretendard-Regular.otf */ = {isa = PBXFileReference; lastKnownFileType = file; path = "Pretendard-Regular.otf"; sourceTree = "<group>"; };
		D150547A2C463861000E58A0 /* Pretendard-Medium.otf */ = {isa = PBXFileReference; lastKnownFileType = file; path = "Pretendard-Medium.otf"; sourceTree = "<group>"; };
		D150547B2C463861000E58A0 /* Pretendard-SemiBold.otf */ = {isa = PBXFileReference; lastKnownFileType = file; path = "Pretendard-SemiBold.otf"; sourceTree = "<group>"; };
		D15054852C463A5B000E58A0 /* Resources.swift */ = {isa = PBXFileReference; lastKnownFileType = sourcecode.swift; path = Resources.swift; sourceTree = "<group>"; };
/* End PBXFileReference section */

/* Begin PBXFrameworksBuildPhase section */
		D15054372C461904000E58A0 /* Frameworks */ = {
			isa = PBXFrameworksBuildPhase;
			buildActionMask = 2147483647;
			files = (
				D15054682C463048000E58A0 /* SnapKit in Frameworks */,
				D150546B2C463053000E58A0 /* Then in Frameworks */,
				D150546E2C463059000E58A0 /* SwiftKeychainWrapper in Frameworks */,
			);
			runOnlyForDeploymentPostprocessing = 0;
		};
/* End PBXFrameworksBuildPhase section */

/* Begin PBXGroup section */
		D15054312C461904000E58A0 = {
			isa = PBXGroup;
			children = (
				D150543C2C461904000E58A0 /* JBT_DSM_iOS */,
				D150543B2C461904000E58A0 /* Products */,
				D15054892C463CDA000E58A0 /* Recovered References */,
			);
			sourceTree = "<group>";
		};
		D150543B2C461904000E58A0 /* Products */ = {
			isa = PBXGroup;
			children = (
				D150543A2C461904000E58A0 /* JBT_DSM_iOS.app */,
			);
			name = Products;
			sourceTree = "<group>";
		};
		D150543C2C461904000E58A0 /* JBT_DSM_iOS */ = {
			isa = PBXGroup;
			children = (
				D15054522C461AF9000E58A0 /* Sources */,
				D15054512C461AED000E58A0 /* Resources */,
				D150544B2C461906000E58A0 /* Info.plist */,
			);
			path = JBT_DSM_iOS;
			sourceTree = "<group>";
		};
		D15054512C461AED000E58A0 /* Resources */ = {
			isa = PBXGroup;
			children = (
				D15054722C463733000E58A0 /* Font */,
				D15054482C461906000E58A0 /* LaunchScreen.storyboard */,
				D15054562C461B64000E58A0 /* Assets */,
				D15054552C461B1F000E58A0 /* Scenes */,
			);
			path = Resources;
			sourceTree = "<group>";
		};
		D15054522C461AF9000E58A0 /* Sources */ = {
			isa = PBXGroup;
			children = (
				D15054852C463A5B000E58A0 /* Resources.swift */,
				D15054582C461B99000E58A0 /* Network */,
				D15054572C461B8F000E58A0 /* View */,
			);
			path = Sources;
			sourceTree = "<group>";
		};
		D15054552C461B1F000E58A0 /* Scenes */ = {
			isa = PBXGroup;
			children = (
				D150543D2C461904000E58A0 /* AppDelegate.swift */,
				D150543F2C461904000E58A0 /* SceneDelegate.swift */,
			);
			path = Scenes;
			sourceTree = "<group>";
		};
		D15054562C461B64000E58A0 /* Assets */ = {
			isa = PBXGroup;
			children = (
				D15054462C461906000E58A0 /* Assets.xcassets */,
			);
			path = Assets;
			sourceTree = "<group>";
		};
		D15054572C461B8F000E58A0 /* View */ = {
			isa = PBXGroup;
			children = (
				D150545E2C461C35000E58A0 /* Main */,
				D150545D2C461C2D000E58A0 /* Auth */,
			);
			path = View;
			sourceTree = "<group>";
		};
		D15054582C461B99000E58A0 /* Network */ = {
			isa = PBXGroup;
			children = (
				D15054652C461F01000E58A0 /* Auth */,
				D15054622C461E7F000E58A0 /* Headers */,
			);
			path = Network;
			sourceTree = "<group>";
		};
		D150545D2C461C2D000E58A0 /* Auth */ = {
			isa = PBXGroup;
			children = (
				6F83D6632C4632FE00BD922A /* JBTLoginViewController.swift */,
			);
			name = Auth;
			path = "며소";
			sourceTree = "<group>";
		};
		D150545E2C461C35000E58A0 /* Main */ = {
			isa = PBXGroup;
			children = (
				D15054412C461904000E58A0 /* ViewController.swift */,
			);
			path = Main;
			sourceTree = "<group>";
		};
		D15054622C461E7F000E58A0 /* Headers */ = {
			isa = PBXGroup;
			children = (
				D15054632C461EAF000E58A0 /* Header.swift */,
			);
			path = Headers;
			sourceTree = "<group>";
		};
		D15054652C461F01000E58A0 /* Auth */ = {
			isa = PBXGroup;
			children = (
			);
			path = Auth;
			sourceTree = "<group>";
		};
		D15054722C463733000E58A0 /* Font */ = {
			isa = PBXGroup;
			children = (
				D15054772C463861000E58A0 /* Pretendard-Black.otf */,
				D15054742C463861000E58A0 /* Pretendard-Bold.otf */,
				D15054752C463861000E58A0 /* Pretendard-ExtraBold.otf */,
				D15054782C463861000E58A0 /* Pretendard-ExtraLight.otf */,
				D15054762C463861000E58A0 /* Pretendard-Light.otf */,
				D150547A2C463861000E58A0 /* Pretendard-Medium.otf */,
				D15054792C463861000E58A0 /* Pretendard-Regular.otf */,
				D150547B2C463861000E58A0 /* Pretendard-SemiBold.otf */,
				D15054732C463861000E58A0 /* Pretendard-Thin.otf */,
			);
			path = Font;
			sourceTree = "<group>";
		};
		D15054892C463CDA000E58A0 /* Recovered References */ = {
			isa = PBXGroup;
			children = (
				6F83D6612C4632DC00BD922A /* JBTLoginTitleLabel.swift */,
			);
			name = "Recovered References";
			sourceTree = "<group>";
		};
/* End PBXGroup section */

/* Begin PBXNativeTarget section */
		D15054392C461904000E58A0 /* JBT_DSM_iOS */ = {
			isa = PBXNativeTarget;
			buildConfigurationList = D150544E2C461906000E58A0 /* Build configuration list for PBXNativeTarget "JBT_DSM_iOS" */;
			buildPhases = (
				D15054362C461904000E58A0 /* Sources */,
				D15054372C461904000E58A0 /* Frameworks */,
				D15054382C461904000E58A0 /* Resources */,
			);
			buildRules = (
			);
			dependencies = (
			);
			name = JBT_DSM_iOS;
			packageProductDependencies = (
				D15054672C463048000E58A0 /* SnapKit */,
				D150546A2C463053000E58A0 /* Then */,
				D150546D2C463059000E58A0 /* SwiftKeychainWrapper */,
			);
			productName = JBT_DSM_iOS;
			productReference = D150543A2C461904000E58A0 /* JBT_DSM_iOS.app */;
			productType = "com.apple.product-type.application";
		};
/* End PBXNativeTarget section */

/* Begin PBXProject section */
		D15054322C461904000E58A0 /* Project object */ = {
			isa = PBXProject;
			attributes = {
				BuildIndependentTargetsInParallel = 1;
				LastSwiftUpdateCheck = 1510;
				LastUpgradeCheck = 1510;
				TargetAttributes = {
					D15054392C461904000E58A0 = {
						CreatedOnToolsVersion = 15.1;
					};
				};
			};
			buildConfigurationList = D15054352C461904000E58A0 /* Build configuration list for PBXProject "JBT_DSM_iOS" */;
			compatibilityVersion = "Xcode 14.0";
			developmentRegion = en;
			hasScannedForEncodings = 0;
			knownRegions = (
				en,
				Base,
			);
			mainGroup = D15054312C461904000E58A0;
			packageReferences = (
				D15054662C463048000E58A0 /* XCRemoteSwiftPackageReference "SnapKit" */,
				D15054692C463053000E58A0 /* XCRemoteSwiftPackageReference "Then" */,
				D150546C2C463059000E58A0 /* XCRemoteSwiftPackageReference "SwiftKeychainWrapper" */,
			);
			productRefGroup = D150543B2C461904000E58A0 /* Products */;
			projectDirPath = "";
			projectRoot = "";
			targets = (
				D15054392C461904000E58A0 /* JBT_DSM_iOS */,
			);
		};
/* End PBXProject section */

/* Begin PBXResourcesBuildPhase section */
		D15054382C461904000E58A0 /* Resources */ = {
			isa = PBXResourcesBuildPhase;
			buildActionMask = 2147483647;
			files = (
				D15054842C463862000E58A0 /* Pretendard-SemiBold.otf in Resources */,
				D150547C2C463862000E58A0 /* Pretendard-Thin.otf in Resources */,
				D15054832C463862000E58A0 /* Pretendard-Medium.otf in Resources */,
				D150547D2C463862000E58A0 /* Pretendard-Bold.otf in Resources */,
				D15054812C463862000E58A0 /* Pretendard-ExtraLight.otf in Resources */,
				D150547E2C463862000E58A0 /* Pretendard-ExtraBold.otf in Resources */,
				D15054822C463862000E58A0 /* Pretendard-Regular.otf in Resources */,
				D150544A2C461906000E58A0 /* LaunchScreen.storyboard in Resources */,
				D15054472C461906000E58A0 /* Assets.xcassets in Resources */,
				D15054802C463862000E58A0 /* Pretendard-Black.otf in Resources */,
				D150547F2C463862000E58A0 /* Pretendard-Light.otf in Resources */,
			);
			runOnlyForDeploymentPostprocessing = 0;
		};
/* End PBXResourcesBuildPhase section */

/* Begin PBXSourcesBuildPhase section */
		D15054362C461904000E58A0 /* Sources */ = {
			isa = PBXSourcesBuildPhase;
			buildActionMask = 2147483647;
			files = (
				D15054642C461EAF000E58A0 /* Header.swift in Sources */,
				6F83D6642C4632FE00BD922A /* JBTLoginViewController.swift in Sources */,
				D15054422C461904000E58A0 /* ViewController.swift in Sources */,
				D15054862C463A5B000E58A0 /* Resources.swift in Sources */,
				D150543E2C461904000E58A0 /* AppDelegate.swift in Sources */,
				D15054402C461904000E58A0 /* SceneDelegate.swift in Sources */,
				6F83D6622C4632DC00BD922A /* JBTLoginTitleLabel.swift in Sources */,
			);
			runOnlyForDeploymentPostprocessing = 0;
		};
/* End PBXSourcesBuildPhase section */

/* Begin PBXVariantGroup section */
		D15054482C461906000E58A0 /* LaunchScreen.storyboard */ = {
			isa = PBXVariantGroup;
			children = (
				D15054492C461906000E58A0 /* Base */,
			);
			name = LaunchScreen.storyboard;
			sourceTree = "<group>";
		};
/* End PBXVariantGroup section */

/* Begin XCBuildConfiguration section */
		D150544C2C461906000E58A0 /* Debug */ = {
			isa = XCBuildConfiguration;
			buildSettings = {
				ALWAYS_SEARCH_USER_PATHS = NO;
				ASSETCATALOG_COMPILER_GENERATE_SWIFT_ASSET_SYMBOL_EXTENSIONS = YES;
				CLANG_ANALYZER_NONNULL = YES;
				CLANG_ANALYZER_NUMBER_OBJECT_CONVERSION = YES_AGGRESSIVE;
				CLANG_CXX_LANGUAGE_STANDARD = "gnu++20";
				CLANG_ENABLE_MODULES = YES;
				CLANG_ENABLE_OBJC_ARC = YES;
				CLANG_ENABLE_OBJC_WEAK = YES;
				CLANG_WARN_BLOCK_CAPTURE_AUTORELEASING = YES;
				CLANG_WARN_BOOL_CONVERSION = YES;
				CLANG_WARN_COMMA = YES;
				CLANG_WARN_CONSTANT_CONVERSION = YES;
				CLANG_WARN_DEPRECATED_OBJC_IMPLEMENTATIONS = YES;
				CLANG_WARN_DIRECT_OBJC_ISA_USAGE = YES_ERROR;
				CLANG_WARN_DOCUMENTATION_COMMENTS = YES;
				CLANG_WARN_EMPTY_BODY = YES;
				CLANG_WARN_ENUM_CONVERSION = YES;
				CLANG_WARN_INFINITE_RECURSION = YES;
				CLANG_WARN_INT_CONVERSION = YES;
				CLANG_WARN_NON_LITERAL_NULL_CONVERSION = YES;
				CLANG_WARN_OBJC_IMPLICIT_RETAIN_SELF = YES;
				CLANG_WARN_OBJC_LITERAL_CONVERSION = YES;
				CLANG_WARN_OBJC_ROOT_CLASS = YES_ERROR;
				CLANG_WARN_QUOTED_INCLUDE_IN_FRAMEWORK_HEADER = YES;
				CLANG_WARN_RANGE_LOOP_ANALYSIS = YES;
				CLANG_WARN_STRICT_PROTOTYPES = YES;
				CLANG_WARN_SUSPICIOUS_MOVE = YES;
				CLANG_WARN_UNGUARDED_AVAILABILITY = YES_AGGRESSIVE;
				CLANG_WARN_UNREACHABLE_CODE = YES;
				CLANG_WARN__DUPLICATE_METHOD_MATCH = YES;
				COPY_PHASE_STRIP = NO;
				DEBUG_INFORMATION_FORMAT = dwarf;
				ENABLE_STRICT_OBJC_MSGSEND = YES;
				ENABLE_TESTABILITY = YES;
				ENABLE_USER_SCRIPT_SANDBOXING = YES;
				GCC_C_LANGUAGE_STANDARD = gnu17;
				GCC_DYNAMIC_NO_PIC = NO;
				GCC_NO_COMMON_BLOCKS = YES;
				GCC_OPTIMIZATION_LEVEL = 0;
				GCC_PREPROCESSOR_DEFINITIONS = (
					"DEBUG=1",
					"$(inherited)",
				);
				GCC_WARN_64_TO_32_BIT_CONVERSION = YES;
				GCC_WARN_ABOUT_RETURN_TYPE = YES_ERROR;
				GCC_WARN_UNDECLARED_SELECTOR = YES;
				GCC_WARN_UNINITIALIZED_AUTOS = YES_AGGRESSIVE;
				GCC_WARN_UNUSED_FUNCTION = YES;
				GCC_WARN_UNUSED_VARIABLE = YES;
				IPHONEOS_DEPLOYMENT_TARGET = 17.2;
				LOCALIZATION_PREFERS_STRING_CATALOGS = YES;
				MTL_ENABLE_DEBUG_INFO = INCLUDE_SOURCE;
				MTL_FAST_MATH = YES;
				ONLY_ACTIVE_ARCH = YES;
				SDKROOT = iphoneos;
				SWIFT_ACTIVE_COMPILATION_CONDITIONS = "DEBUG $(inherited)";
				SWIFT_OPTIMIZATION_LEVEL = "-Onone";
			};
			name = Debug;
		};
		D150544D2C461906000E58A0 /* Release */ = {
			isa = XCBuildConfiguration;
			buildSettings = {
				ALWAYS_SEARCH_USER_PATHS = NO;
				ASSETCATALOG_COMPILER_GENERATE_SWIFT_ASSET_SYMBOL_EXTENSIONS = YES;
				CLANG_ANALYZER_NONNULL = YES;
				CLANG_ANALYZER_NUMBER_OBJECT_CONVERSION = YES_AGGRESSIVE;
				CLANG_CXX_LANGUAGE_STANDARD = "gnu++20";
				CLANG_ENABLE_MODULES = YES;
				CLANG_ENABLE_OBJC_ARC = YES;
				CLANG_ENABLE_OBJC_WEAK = YES;
				CLANG_WARN_BLOCK_CAPTURE_AUTORELEASING = YES;
				CLANG_WARN_BOOL_CONVERSION = YES;
				CLANG_WARN_COMMA = YES;
				CLANG_WARN_CONSTANT_CONVERSION = YES;
				CLANG_WARN_DEPRECATED_OBJC_IMPLEMENTATIONS = YES;
				CLANG_WARN_DIRECT_OBJC_ISA_USAGE = YES_ERROR;
				CLANG_WARN_DOCUMENTATION_COMMENTS = YES;
				CLANG_WARN_EMPTY_BODY = YES;
				CLANG_WARN_ENUM_CONVERSION = YES;
				CLANG_WARN_INFINITE_RECURSION = YES;
				CLANG_WARN_INT_CONVERSION = YES;
				CLANG_WARN_NON_LITERAL_NULL_CONVERSION = YES;
				CLANG_WARN_OBJC_IMPLICIT_RETAIN_SELF = YES;
				CLANG_WARN_OBJC_LITERAL_CONVERSION = YES;
				CLANG_WARN_OBJC_ROOT_CLASS = YES_ERROR;
				CLANG_WARN_QUOTED_INCLUDE_IN_FRAMEWORK_HEADER = YES;
				CLANG_WARN_RANGE_LOOP_ANALYSIS = YES;
				CLANG_WARN_STRICT_PROTOTYPES = YES;
				CLANG_WARN_SUSPICIOUS_MOVE = YES;
				CLANG_WARN_UNGUARDED_AVAILABILITY = YES_AGGRESSIVE;
				CLANG_WARN_UNREACHABLE_CODE = YES;
				CLANG_WARN__DUPLICATE_METHOD_MATCH = YES;
				COPY_PHASE_STRIP = NO;
				DEBUG_INFORMATION_FORMAT = "dwarf-with-dsym";
				ENABLE_NS_ASSERTIONS = NO;
				ENABLE_STRICT_OBJC_MSGSEND = YES;
				ENABLE_USER_SCRIPT_SANDBOXING = YES;
				GCC_C_LANGUAGE_STANDARD = gnu17;
				GCC_NO_COMMON_BLOCKS = YES;
				GCC_WARN_64_TO_32_BIT_CONVERSION = YES;
				GCC_WARN_ABOUT_RETURN_TYPE = YES_ERROR;
				GCC_WARN_UNDECLARED_SELECTOR = YES;
				GCC_WARN_UNINITIALIZED_AUTOS = YES_AGGRESSIVE;
				GCC_WARN_UNUSED_FUNCTION = YES;
				GCC_WARN_UNUSED_VARIABLE = YES;
				IPHONEOS_DEPLOYMENT_TARGET = 17.2;
				LOCALIZATION_PREFERS_STRING_CATALOGS = YES;
				MTL_ENABLE_DEBUG_INFO = NO;
				MTL_FAST_MATH = YES;
				SDKROOT = iphoneos;
				SWIFT_COMPILATION_MODE = wholemodule;
				VALIDATE_PRODUCT = YES;
			};
			name = Release;
		};
		D150544F2C461906000E58A0 /* Debug */ = {
			isa = XCBuildConfiguration;
			buildSettings = {
				ASSETCATALOG_COMPILER_APPICON_NAME = AppIcon;
				ASSETCATALOG_COMPILER_GLOBAL_ACCENT_COLOR_NAME = AccentColor;
				CODE_SIGN_STYLE = Automatic;
				CURRENT_PROJECT_VERSION = 1;
				DEVELOPMENT_TEAM = 92YDTRVDUA;
				GENERATE_INFOPLIST_FILE = YES;
				INFOPLIST_FILE = JBT_DSM_iOS/Info.plist;
				INFOPLIST_KEY_UIApplicationSupportsIndirectInputEvents = YES;
				INFOPLIST_KEY_UILaunchStoryboardName = LaunchScreen;
				INFOPLIST_KEY_UIMainStoryboardFile = "";
				INFOPLIST_KEY_UISupportedInterfaceOrientations_iPad = "UIInterfaceOrientationPortrait UIInterfaceOrientationPortraitUpsideDown UIInterfaceOrientationLandscapeLeft UIInterfaceOrientationLandscapeRight";
				INFOPLIST_KEY_UISupportedInterfaceOrientations_iPhone = "UIInterfaceOrientationPortrait UIInterfaceOrientationLandscapeLeft UIInterfaceOrientationLandscapeRight";
				LD_RUNPATH_SEARCH_PATHS = (
					"$(inherited)",
					"@executable_path/Frameworks",
				);
				MARKETING_VERSION = 1.0;
				PRODUCT_BUNDLE_IDENTIFIER = "com.JBT-DSM-iOS";
				PRODUCT_NAME = "$(TARGET_NAME)";
				SWIFT_EMIT_LOC_STRINGS = YES;
				SWIFT_VERSION = 5.0;
				TARGETED_DEVICE_FAMILY = "1,2";
			};
			name = Debug;
		};
		D15054502C461906000E58A0 /* Release */ = {
			isa = XCBuildConfiguration;
			buildSettings = {
				ASSETCATALOG_COMPILER_APPICON_NAME = AppIcon;
				ASSETCATALOG_COMPILER_GLOBAL_ACCENT_COLOR_NAME = AccentColor;
				CODE_SIGN_STYLE = Automatic;
				CURRENT_PROJECT_VERSION = 1;
				DEVELOPMENT_TEAM = 92YDTRVDUA;
				GENERATE_INFOPLIST_FILE = YES;
				INFOPLIST_FILE = JBT_DSM_iOS/Info.plist;
				INFOPLIST_KEY_UIApplicationSupportsIndirectInputEvents = YES;
				INFOPLIST_KEY_UILaunchStoryboardName = LaunchScreen;
				INFOPLIST_KEY_UIMainStoryboardFile = "";
				INFOPLIST_KEY_UISupportedInterfaceOrientations_iPad = "UIInterfaceOrientationPortrait UIInterfaceOrientationPortraitUpsideDown UIInterfaceOrientationLandscapeLeft UIInterfaceOrientationLandscapeRight";
				INFOPLIST_KEY_UISupportedInterfaceOrientations_iPhone = "UIInterfaceOrientationPortrait UIInterfaceOrientationLandscapeLeft UIInterfaceOrientationLandscapeRight";
				LD_RUNPATH_SEARCH_PATHS = (
					"$(inherited)",
					"@executable_path/Frameworks",
				);
				MARKETING_VERSION = 1.0;
				PRODUCT_BUNDLE_IDENTIFIER = "com.JBT-DSM-iOS";
				PRODUCT_NAME = "$(TARGET_NAME)";
				SWIFT_EMIT_LOC_STRINGS = YES;
				SWIFT_VERSION = 5.0;
				TARGETED_DEVICE_FAMILY = "1,2";
			};
			name = Release;
		};
/* End XCBuildConfiguration section */

/* Begin XCConfigurationList section */
		D15054352C461904000E58A0 /* Build configuration list for PBXProject "JBT_DSM_iOS" */ = {
			isa = XCConfigurationList;
			buildConfigurations = (
				D150544C2C461906000E58A0 /* Debug */,
				D150544D2C461906000E58A0 /* Release */,
			);
			defaultConfigurationIsVisible = 0;
			defaultConfigurationName = Release;
		};
		D150544E2C461906000E58A0 /* Build configuration list for PBXNativeTarget "JBT_DSM_iOS" */ = {
			isa = XCConfigurationList;
			buildConfigurations = (
				D150544F2C461906000E58A0 /* Debug */,
				D15054502C461906000E58A0 /* Release */,
			);
			defaultConfigurationIsVisible = 0;
			defaultConfigurationName = Release;
		};
/* End XCConfigurationList section */

/* Begin XCRemoteSwiftPackageReference section */
		D15054662C463048000E58A0 /* XCRemoteSwiftPackageReference "SnapKit" */ = {
			isa = XCRemoteSwiftPackageReference;
			repositoryURL = "https://github.com/SnapKit/SnapKit";
			requirement = {
				kind = upToNextMajorVersion;
				minimumVersion = 5.7.1;
			};
		};
		D15054692C463053000E58A0 /* XCRemoteSwiftPackageReference "Then" */ = {
			isa = XCRemoteSwiftPackageReference;
			repositoryURL = "https://github.com/devxoul/Then";
			requirement = {
				kind = upToNextMajorVersion;
				minimumVersion = 3.0.0;
			};
		};
		D150546C2C463059000E58A0 /* XCRemoteSwiftPackageReference "SwiftKeychainWrapper" */ = {
			isa = XCRemoteSwiftPackageReference;
			repositoryURL = "https://github.com/jrendel/SwiftKeychainWrapper";
			requirement = {
				kind = upToNextMajorVersion;
				minimumVersion = 4.0.1;
			};
		};
/* End XCRemoteSwiftPackageReference section */

/* Begin XCSwiftPackageProductDependency section */
		D15054672C463048000E58A0 /* SnapKit */ = {
			isa = XCSwiftPackageProductDependency;
			package = D15054662C463048000E58A0 /* XCRemoteSwiftPackageReference "SnapKit" */;
			productName = SnapKit;
		};
		D150546A2C463053000E58A0 /* Then */ = {
			isa = XCSwiftPackageProductDependency;
			package = D15054692C463053000E58A0 /* XCRemoteSwiftPackageReference "Then" */;
			productName = Then;
		};
		D150546D2C463059000E58A0 /* SwiftKeychainWrapper */ = {
			isa = XCSwiftPackageProductDependency;
			package = D150546C2C463059000E58A0 /* XCRemoteSwiftPackageReference "SwiftKeychainWrapper" */;
			productName = SwiftKeychainWrapper;
		};
/* End XCSwiftPackageProductDependency section */
	};
	rootObject = D15054322C461904000E58A0 /* Project object */;
}
